
Microsoft Visual Studio Solution File, Format Version 12.00
# Visual Studio Version 17
VisualStudioVersion = 17.8.34601.278
MinimumVisualStudioVersion = 10.0.40219.1
Project("{9A19103F-16F7-4668-BE54-9A1E7A4F7556}") = "Currency-Exchange", "Currency-Exchange\Currency-Exchange.csproj", "{11876A55-EEBC-47A0-88EA-7F574D2A18CE}"
EndProject
Global
	GlobalSection(SolutionConfigurationPlatforms) = preSolution
		Debug|Any CPU = Debug|Any CPU
		Release|Any CPU = Release|Any CPU
	EndGlobalSection
	GlobalSection(ProjectConfigurationPlatforms) = postSolution
		{11876A55-EEBC-47A0-88EA-7F574D2A18CE}.Debug|Any CPU.ActiveCfg = Debug|Any CPU
		{11876A55-EEBC-47A0-88EA-7F574D2A18CE}.Debug|Any CPU.Build.0 = Debug|Any CPU
		{11876A55-EEBC-47A0-88EA-7F574D2A18CE}.Release|Any CPU.ActiveCfg = Release|Any CPU
		{11876A55-EEBC-47A0-88EA-7F574D2A18CE}.Release|Any CPU.Build.0 = Release|Any CPU
	EndGlobalSection
	GlobalSection(SolutionProperties) = preSolution
		HideSolutionNode = FALSE
	EndGlobalSection
	GlobalSection(ExtensibilityGlobals) = postSolution
		SolutionGuid = {0A5685B9-64EE-4353-A351-43DE9BB36635}
	EndGlobalSection
EndGlobal
